{
  "name": "bloom-filter",
  "version": "1.0.0",
  "lockfileVersion": 2,
  "requires": true,
  "packages": {
    "": {
      "name": "bloom-filter",
      "version": "1.0.0",
      "license": "ISC",
      "dependencies": {
        "murmurhash": "^2.0.0"
      }
    },
    "node_modules/murmurhash": {
      "version": "2.0.0",
      "resolved": "https://registry.npmjs.org/murmurhash/-/murmurhash-2.0.0.tgz",
      "integrity": "sha512-Uo7ZHw+PLe2Q8/qbPIVYxAaoi+TYGZwu1a8ryeeASRXJLRSaLCblAGfjh02eu4+/9aUJBpkHXZv42AXmzOW2kw=="
    }
  },
  "dependencies": {
    "murmurhash": {
      "version": "2.0.0",
      "resolved": "https://registry.npmjs.org/murmurhash/-/murmurhash-2.0.0.tgz",
      "integrity": "sha512-Uo7ZHw+PLe2Q8/qbPIVYxAaoi+TYGZwu1a8ryeeASRXJLRSaLCblAGfjh02eu4+/9aUJBpkHXZv42AXmzOW2kw=="
    }
  }
}
